
Microsoft Visual Studio Solution File, Format Version 12.00
# Visual Studio Version 16
VisualStudioVersion = 16.0.31410.357
MinimumVisualStudioVersion = 10.0.40219.1
Project("{FAE04EC0-301F-11D3-BF4B-00C04F79EFBC}") = "snake and ladder", "snake and ladder\snake and ladder.csproj", "{640C4736-6877-4DC8-91B3-4DBA3DAB43E7}"
EndProject
Global
	GlobalSection(SolutionConfigurationPlatforms) = preSolution
		Debug|Any CPU = Debug|Any CPU
		Release|Any CPU = Release|Any CPU
	EndGlobalSection
	GlobalSection(ProjectConfigurationPlatforms) = postSolution
		{640C4736-6877-4DC8-91B3-4DBA3DAB43E7}.Debug|Any CPU.ActiveCfg = Debug|Any CPU
		{640C4736-6877-4DC8-91B3-4DBA3DAB43E7}.Debug|Any CPU.Build.0 = Debug|Any CPU
		{640C4736-6877-4DC8-91B3-4DBA3DAB43E7}.Release|Any CPU.ActiveCfg = Release|Any CPU
		{640C4736-6877-4DC8-91B3-4DBA3DAB43E7}.Release|Any CPU.Build.0 = Release|Any CPU
	EndGlobalSection
	GlobalSection(SolutionProperties) = preSolution
		HideSolutionNode = FALSE
	EndGlobalSection
	GlobalSection(ExtensibilityGlobals) = postSolution
		SolutionGuid = {15602BF3-BE5D-4B96-AFD0-D5F6018048BD}
	EndGlobalSection
EndGlobal
